teq: 0.1.8
format: 1
binaries:
  linux-aarch_64: https://github.com/Carrot-Inc/teq/releases/download/v0.1.8/teq-0.1.8-linux-aarch_64 5cb80d1a685f5b0c11246e7bab6d306e13b2ee9b 22948576
  linux-x86_64: https://github.com/Carrot-Inc/teq/releases/download/v0.1.8/teq-0.1.8-linux-x86_64 920702b78eb8f6ddfc5c243a3429ea8454dcda11 25738696
  osx-aarch_64: https://github.com/Carrot-Inc/teq/releases/download/v0.1.8/teq-0.1.8-osx-aarch_64 6139047bbdb649c86012e169a89ad3976adee405 21294064
  osx-x86_64: https://github.com/Carrot-Inc/teq/releases/download/v0.1.8/teq-0.1.8-osx-x86_64 851f18c6ff037c0f2d3b16b2dfe61f5b3af09fe7 24312920
  windows-x86_64: https://github.com/Carrot-Inc/teq/releases/download/v0.1.8/teq-0.1.8-windows-x86_64.exe f93304767201c77990cabbe02573b74482d7ca79 23411200
